{
  "version": 4,
  "terraform_version": "1.12.0",
  "serial": 84,
  "lineage": "70dd9424-2a9b-d130-4e74-ca1d9e26fba6",
  "outputs": {},
  "resources": [
    {
      "module": "module.azure-mysql",
      "mode": "managed",
      "type": "azurerm_mysql_flexible_database",
      "name": "mysql_database",
      "provider": "provider[\"registry.terraform.io/hashicorp/azurerm\"]",
      "instances": [
        {
          "schema_version": 0,
          "attributes": {
            "charset": "utf8mb3",
            "collation": "utf8mb3_unicode_ci",
            "id": "/subscriptions/7c9c8680-1545-4132-96b3-c36024961064/resourceGroups/rgp-mywplab/providers/Microsoft.DBforMySQL/flexibleServers/mysqlf-wordpresskrod/databases/wordpress",
            "name": "wordpress",
            "resource_group_name": "rgp-mywplab",
            "server_name": "mysqlf-wordpresskrod",
            "timeouts": null
          },
          "sensitive_attributes": [],
          "identity_schema_version": 0,
          "private": "eyJlMmJmYjczMC1lY2FhLTExZTYtOGY4OC0zNDM2M2JjN2M0YzAiOnsiY3JlYXRlIjozNjAwMDAwMDAwMDAwLCJkZWxldGUiOjM2MDAwMDAwMDAwMDAsInJlYWQiOjMwMDAwMDAwMDAwMCwidXBkYXRlIjozNjAwMDAwMDAwMDAwfX0=",
          "dependencies": [
            "module.azure-mysql.azurerm_mysql_flexible_server.mysql_flexible_server",
            "module.resource_group.azurerm_resource_group.rg"
          ]
        }
      ]
    },
    {
      "module": "module.azure-mysql",
      "mode": "managed",
      "type": "azurerm_mysql_flexible_server",
      "name": "mysql_flexible_server",
      "provider": "provider[\"registry.terraform.io/hashicorp/azurerm\"]",
      "instances": [
        {
          "schema_version": 0,
          "attributes": {
            "administrator_login": "adminsiteswordpress",
            "administrator_password": "Strongboi1!",
            "backup_retention_days": 20,
            "create_mode": null,
            "customer_managed_key": [],
            "delegated_subnet_id": "",
            "fqdn": "mysqlf-wordpresskrod.mysql.database.azure.com",
            "geo_redundant_backup_enabled": false,
            "high_availability": [
              {
                "mode": "ZoneRedundant",
                "standby_availability_zone": "3"
              }
            ],
            "id": "/subscriptions/7c9c8680-1545-4132-96b3-c36024961064/resourceGroups/rgp-mywplab/providers/Microsoft.DBforMySQL/flexibleServers/mysqlf-wordpresskrod",
            "identity": [],
            "location": "australiaeast",
            "maintenance_window": [],
            "name": "mysqlf-wordpresskrod",
            "point_in_time_restore_time_in_utc": null,
            "private_dns_zone_id": "",
            "public_network_access_enabled": true,
            "replica_capacity": 10,
            "replication_role": "None",
            "resource_group_name": "rgp-mywplab",
            "sku_name": "GP_Standard_D2ds_v4",
            "source_server_id": null,
            "storage": [
              {
                "auto_grow_enabled": true,
                "iops": 360,
                "size_gb": 20
              }
            ],
            "tags": {},
            "timeouts": null,
            "version": "8.0.21",
            "zone": "1"
          },
          "sensitive_attributes": [
            [
              {
                "type": "get_attr",
                "value": "administrator_password"
              }
            ]
          ],
          "identity_schema_version": 0,
          "private": "eyJlMmJmYjczMC1lY2FhLTExZTYtOGY4OC0zNDM2M2JjN2M0YzAiOnsiY3JlYXRlIjozNjAwMDAwMDAwMDAwLCJkZWxldGUiOjM2MDAwMDAwMDAwMDAsInJlYWQiOjMwMDAwMDAwMDAwMCwidXBkYXRlIjozNjAwMDAwMDAwMDAwfX0=",
          "dependencies": [
            "module.resource_group.azurerm_resource_group.rg"
          ]
        }
      ]
    },
    {
      "module": "module.azure-mysql",
      "mode": "managed",
      "type": "azurerm_mysql_flexible_server",
      "name": "mysql_flexible_server_replica",
      "provider": "provider[\"registry.terraform.io/hashicorp/azurerm\"]",
      "instances": []
    },
    {
      "module": "module.azure-mysql",
      "mode": "managed",
      "type": "azurerm_mysql_flexible_server_configuration",
      "name": "server_parameters",
      "provider": "provider[\"registry.terraform.io/hashicorp/azurerm\"]",
      "instances": [
        {
          "index_key": 0,
          "schema_version": 0,
          "attributes": {
            "id": "/subscriptions/7c9c8680-1545-4132-96b3-c36024961064/resourceGroups/rgp-mywplab/providers/Microsoft.DBforMySQL/flexibleServers/mysqlf-wordpresskrod/configurations/require_secure_transport",
            "name": "require_secure_transport",
            "resource_group_name": "rgp-mywplab",
            "server_name": "mysqlf-wordpresskrod",
            "timeouts": null,
            "value": "False"
          },
          "sensitive_attributes": [],
          "identity_schema_version": 0,
          "private": "eyJlMmJmYjczMC1lY2FhLTExZTYtOGY4OC0zNDM2M2JjN2M0YzAiOnsiY3JlYXRlIjoxODAwMDAwMDAwMDAwLCJkZWxldGUiOjE4MDAwMDAwMDAwMDAsInJlYWQiOjMwMDAwMDAwMDAwMCwidXBkYXRlIjoxODAwMDAwMDAwMDAwfX0=",
          "dependencies": [
            "module.azure-mysql.azurerm_mysql_flexible_server.mysql_flexible_server",
            "module.resource_group.azurerm_resource_group.rg"
          ]
        }
      ]
    },
    {
      "module": "module.azure-mysql",
      "mode": "managed",
      "type": "azurerm_mysql_flexible_server_firewall_rule",
      "name": "mysql_firewall_rule",
      "provider": "provider[\"registry.terraform.io/hashicorp/azurerm\"]",
      "instances": [
        {
          "index_key": 0,
          "schema_version": 0,
          "attributes": {
            "end_ip_address": "4.237.235.164",
            "id": "/subscriptions/7c9c8680-1545-4132-96b3-c36024961064/resourceGroups/rgp-mywplab/providers/Microsoft.DBforMySQL/flexibleServers/mysqlf-wordpresskrod/firewallRules/vmss_ip",
            "name": "vmss_ip",
            "resource_group_name": "rgp-mywplab",
            "server_name": "mysqlf-wordpresskrod",
            "start_ip_address": "4.237.235.164",
            "timeouts": null
          },
          "sensitive_attributes": [],
          "identity_schema_version": 0,
          "private": "eyJlMmJmYjczMC1lY2FhLTExZTYtOGY4OC0zNDM2M2JjN2M0YzAiOnsiY3JlYXRlIjoxODAwMDAwMDAwMDAwLCJkZWxldGUiOjE4MDAwMDAwMDAwMDAsInJlYWQiOjMwMDAwMDAwMDAwMCwidXBkYXRlIjoxODAwMDAwMDAwMDAwfX0=",
          "dependencies": [
            "module.azure-mysql.azurerm_mysql_flexible_server.mysql_flexible_server",
            "module.network.azurerm_subnet.subnet",
            "module.network.azurerm_virtual_network.vnet",
            "module.network.data.http.myip",
            "module.resource_group.azurerm_resource_group.rg",
            "module.storageaccount.azurerm_private_endpoint.private_endpoint",
            "module.storageaccount.azurerm_storage_account.storage_account",
            "module.storageaccount.azurerm_storage_container.container",
            "module.vmss.azurerm_public_ip.vmss"
          ]
        }
      ]
    },
    {
      "module": "module.network",
      "mode": "data",
      "type": "http",
      "name": "myip",
      "provider": "provider[\"registry.terraform.io/hashicorp/http\"]",
      "instances": [
        {
          "schema_version": 0,
          "attributes": {
            "body": "219.89.2.7\n",
            "ca_cert_pem": null,
            "client_cert_pem": null,
            "client_key_pem": null,
            "id": "http://ipv4.icanhazip.com",
            "insecure": null,
            "method": null,
            "request_body": null,
            "request_headers": null,
            "request_timeout_ms": null,
            "response_body": "219.89.2.7\n",
            "response_body_base64": "MjE5Ljg5LjIuNwo=",
            "response_headers": {
              "Access-Control-Allow-Methods": "GET",
              "Access-Control-Allow-Origin": "*",
              "Alt-Svc": "h3=\":443\"; ma=86400",
              "Cf-Ray": "944c41fcbf2ad9b8-AKL",
              "Connection": "keep-alive",
              "Content-Length": "11",
              "Content-Type": "text/plain",
              "Date": "Sat, 24 May 2025 10:54:55 GMT",
              "Server": "cloudflare",
              "Set-Cookie": "__cf_bm=HAej0YjPpBP5KNHky7pogg9CiSzt34jvO4pFLbkQQK0-1748084095-1.0.1.1-6H_PrbDe_WZqA.k0GmtUOf0l7BvVqZrP1uYgmWi2A66Xxo5bwHSH92Rp83HT1I_1_pyugyu0qM5Ym.NQ2B3dbP7e6eh8tS0RGLCmk6uQfeE; path=/; expires=Sat, 24-May-25 11:24:55 GMT; domain=.icanhazip.com; HttpOnly",
              "Vary": "Accept-Encoding"
            },
            "retry": null,
            "status_code": 200,
            "url": "http://ipv4.icanhazip.com"
          },
          "sensitive_attributes": [],
          "identity_schema_version": 0
        }
      ]
    },
    {
      "module": "module.network",
      "mode": "managed",
      "type": "azurerm_network_security_group",
      "name": "nsg",
      "provider": "provider[\"registry.terraform.io/hashicorp/azurerm\"]",
      "instances": [
        {
          "index_key": 0,
          "schema_version": 0,
          "attributes": {
            "id": "/subscriptions/7c9c8680-1545-4132-96b3-c36024961064/resourceGroups/rgp-mywplab/providers/Microsoft.Network/networkSecurityGroups/nsg-wordpresskrod",
            "location": "australiaeast",
            "name": "nsg-wordpresskrod",
            "resource_group_name": "rgp-mywplab",
            "security_rule": [
              {
                "access": "Allow",
                "description": "",
                "destination_address_prefix": "*",
                "destination_address_prefixes": [],
                "destination_application_security_group_ids": [],
                "destination_port_range": "22",
                "destination_port_ranges": [],
                "direction": "Inbound",
                "name": "AllowSSH",
                "priority": 110,
                "protocol": "Tcp",
                "source_address_prefix": "219.89.2.7",
                "source_address_prefixes": [],
                "source_application_security_group_ids": [],
                "source_port_range": "*",
                "source_port_ranges": []
              },
              {
                "access": "Allow",
                "description": "",
                "destination_address_prefix": "*",
                "destination_address_prefixes": [],
                "destination_application_security_group_ids": [],
                "destination_port_range": "80",
                "destination_port_ranges": [],
                "direction": "Inbound",
                "name": "AllowHttp",
                "priority": 100,
                "protocol": "Tcp",
                "source_address_prefix": "*",
                "source_address_prefixes": [],
                "source_application_security_group_ids": [],
                "source_port_range": "*",
                "source_port_ranges": []
              }
            ],
            "tags": {},
            "timeouts": null
          },
          "sensitive_attributes": [],
          "identity_schema_version": 0,
          "private": "eyJlMmJmYjczMC1lY2FhLTExZTYtOGY4OC0zNDM2M2JjN2M0YzAiOnsiY3JlYXRlIjoxODAwMDAwMDAwMDAwLCJkZWxldGUiOjE4MDAwMDAwMDAwMDAsInJlYWQiOjMwMDAwMDAwMDAwMCwidXBkYXRlIjoxODAwMDAwMDAwMDAwfX0=",
          "dependencies": [
            "module.network.data.http.myip",
            "module.resource_group.azurerm_resource_group.rg"
          ]
        }
      ]
    },
    {
      "module": "module.network",
      "mode": "managed",
      "type": "azurerm_subnet",
      "name": "subnet",
      "provider": "provider[\"registry.terraform.io/hashicorp/azurerm\"]",
      "instances": [
        {
          "schema_version": 0,
          "attributes": {
            "address_prefixes": [
              "10.0.1.0/24"
            ],
            "delegation": [],
            "enforce_private_link_endpoint_network_policies": false,
            "enforce_private_link_service_network_policies": false,
            "id": "/subscriptions/7c9c8680-1545-4132-96b3-c36024961064/resourceGroups/rgp-mywplab/providers/Microsoft.Network/virtualNetworks/vnet-wordpresskrod/subnets/snt-wordpresskrod",
            "name": "snt-wordpresskrod",
            "private_endpoint_network_policies_enabled": true,
            "private_link_service_network_policies_enabled": true,
            "resource_group_name": "rgp-mywplab",
            "service_endpoint_policy_ids": [],
            "service_endpoints": [
              "Microsoft.Storage"
            ],
            "timeouts": null,
            "virtual_network_name": "vnet-wordpresskrod"
          },
          "sensitive_attributes": [],
          "identity_schema_version": 0,
          "private": "eyJlMmJmYjczMC1lY2FhLTExZTYtOGY4OC0zNDM2M2JjN2M0YzAiOnsiY3JlYXRlIjoxODAwMDAwMDAwMDAwLCJkZWxldGUiOjE4MDAwMDAwMDAwMDAsInJlYWQiOjMwMDAwMDAwMDAwMCwidXBkYXRlIjoxODAwMDAwMDAwMDAwfX0=",
          "dependencies": [
            "module.network.azurerm_virtual_network.vnet",
            "module.resource_group.azurerm_resource_group.rg"
          ]
        }
      ]
    },
    {
      "module": "module.network",
      "mode": "managed",
      "type": "azurerm_virtual_network",
      "name": "vnet",
      "provider": "provider[\"registry.terraform.io/hashicorp/azurerm\"]",
      "instances": [
        {
          "schema_version": 0,
          "attributes": {
            "address_space": [
              "10.0.0.0/16"
            ],
            "bgp_community": "",
            "ddos_protection_plan": [],
            "dns_servers": [],
            "edge_zone": "",
            "encryption": [],
            "flow_timeout_in_minutes": 0,
            "guid": "10db4632-1f76-4b5c-9497-e920da02a79f",
            "id": "/subscriptions/7c9c8680-1545-4132-96b3-c36024961064/resourceGroups/rgp-mywplab/providers/Microsoft.Network/virtualNetworks/vnet-wordpresskrod",
            "location": "australiaeast",
            "name": "vnet-wordpresskrod",
            "resource_group_name": "rgp-mywplab",
            "subnet": [
              {
                "address_prefix": "10.0.1.0/24",
                "id": "/subscriptions/7c9c8680-1545-4132-96b3-c36024961064/resourceGroups/rgp-mywplab/providers/Microsoft.Network/virtualNetworks/vnet-wordpresskrod/subnets/snt-wordpresskrod",
                "name": "snt-wordpresskrod",
                "security_group": ""
              },
              {
                "address_prefix": "10.0.2.0/26",
                "id": "/subscriptions/7c9c8680-1545-4132-96b3-c36024961064/resourceGroups/rgp-mywplab/providers/Microsoft.Network/virtualNetworks/vnet-wordpresskrod/subnets/AzureBastionSubnet",
                "name": "AzureBastionSubnet",
                "security_group": ""
              }
            ],
            "tags": {},
            "timeouts": null
          },
          "sensitive_attributes": [],
          "identity_schema_version": 0,
          "private": "eyJlMmJmYjczMC1lY2FhLTExZTYtOGY4OC0zNDM2M2JjN2M0YzAiOnsiY3JlYXRlIjoxODAwMDAwMDAwMDAwLCJkZWxldGUiOjE4MDAwMDAwMDAwMDAsInJlYWQiOjMwMDAwMDAwMDAwMCwidXBkYXRlIjoxODAwMDAwMDAwMDAwfX0=",
          "dependencies": [
            "module.resource_group.azurerm_resource_group.rg"
          ]
        }
      ]
    },
    {
      "module": "module.resource_group",
      "mode": "managed",
      "type": "azurerm_resource_group",
      "name": "rg",
      "provider": "provider[\"registry.terraform.io/hashicorp/azurerm\"]",
      "instances": [
        {
          "schema_version": 0,
          "attributes": {
            "id": "/subscriptions/7c9c8680-1545-4132-96b3-c36024961064/resourceGroups/rgp-mywplab",
            "location": "australiaeast",
            "managed_by": "",
            "name": "rgp-mywplab",
            "tags": {},
            "timeouts": null
          },
          "sensitive_attributes": [],
          "identity_schema_version": 0,
          "private": "eyJlMmJmYjczMC1lY2FhLTExZTYtOGY4OC0zNDM2M2JjN2M0YzAiOnsiY3JlYXRlIjo1NDAwMDAwMDAwMDAwLCJkZWxldGUiOjU0MDAwMDAwMDAwMDAsInJlYWQiOjMwMDAwMDAwMDAwMCwidXBkYXRlIjo1NDAwMDAwMDAwMDAwfX0="
        }
      ]
    },
    {
      "module": "module.storageaccount",
      "mode": "managed",
      "type": "azurerm_private_endpoint",
      "name": "private_endpoint",
      "provider": "provider[\"registry.terraform.io/hashicorp/azurerm\"]",
      "instances": []
    },
    {
      "module": "module.storageaccount",
      "mode": "managed",
      "type": "azurerm_storage_account",
      "name": "storage_account",
      "provider": "provider[\"registry.terraform.io/hashicorp/azurerm\"]",
      "instances": [
        {
          "schema_version": 4,
          "attributes": {
            "access_tier": "Hot",
            "account_kind": "StorageV2",
            "account_replication_type": "ZRS",
            "account_tier": "Standard",
            "allow_nested_items_to_be_public": true,
            "allowed_copy_scope": "",
            "azure_files_authentication": [],
            "blob_properties": [
              {
                "change_feed_enabled": false,
                "change_feed_retention_in_days": 0,
                "container_delete_retention_policy": [],
                "cors_rule": [],
                "default_service_version": "",
                "delete_retention_policy": [],
                "last_access_time_enabled": false,
                "restore_policy": [],
                "versioning_enabled": false
              }
            ],
            "cross_tenant_replication_enabled": true,
            "custom_domain": [],
            "customer_managed_key": [],
            "default_to_oauth_authentication": false,
            "edge_zone": "",
            "enable_https_traffic_only": false,
            "id": "/subscriptions/7c9c8680-1545-4132-96b3-c36024961064/resourceGroups/rgp-mywplab/providers/Microsoft.Storage/storageAccounts/sawordpresskrod",
            "identity": [],
            "immutability_policy": [],
            "infrastructure_encryption_enabled": false,
            "is_hns_enabled": true,
            "large_file_share_enabled": null,
            "location": "australiaeast",
            "min_tls_version": "TLS1_2",
            "name": "sawordpresskrod",
            "network_rules": [
              {
                "bypass": [
                  "AzureServices"
                ],
                "default_action": "Deny",
                "ip_rules": [
                  "219.89.2.7"
                ],
                "private_link_access": [],
                "virtual_network_subnet_ids": [
                  "/subscriptions/7c9c8680-1545-4132-96b3-c36024961064/resourceGroups/rgp-mywplab/providers/Microsoft.Network/virtualNetworks/vnet-wordpresskrod/subnets/snt-wordpresskrod"
                ]
              }
            ],
            "nfsv3_enabled": true,
            "primary_access_key": "d9GjB5y+I4poRcCcsoauXh4NLTNH5J3AoZZdbOC+I/mYWSglOR7l0MPM0ietYkdLgJ6ACzN3GCec+AStogvmfQ==",
            "primary_blob_connection_string": "DefaultEndpointsProtocol=https;BlobEndpoint=https://sawordpresskrod.blob.core.windows.net/;AccountName=sawordpresskrod;AccountKey=d9GjB5y+I4poRcCcsoauXh4NLTNH5J3AoZZdbOC+I/mYWSglOR7l0MPM0ietYkdLgJ6ACzN3GCec+AStogvmfQ==",
            "primary_blob_endpoint": "https://sawordpresskrod.blob.core.windows.net/",
            "primary_blob_host": "sawordpresskrod.blob.core.windows.net",
            "primary_connection_string": "DefaultEndpointsProtocol=https;AccountName=sawordpresskrod;AccountKey=d9GjB5y+I4poRcCcsoauXh4NLTNH5J3AoZZdbOC+I/mYWSglOR7l0MPM0ietYkdLgJ6ACzN3GCec+AStogvmfQ==;EndpointSuffix=core.windows.net",
            "primary_dfs_endpoint": "https://sawordpresskrod.dfs.core.windows.net/",
            "primary_dfs_host": "sawordpresskrod.dfs.core.windows.net",
            "primary_file_endpoint": "https://sawordpresskrod.file.core.windows.net/",
            "primary_file_host": "sawordpresskrod.file.core.windows.net",
            "primary_location": "australiaeast",
            "primary_queue_endpoint": "https://sawordpresskrod.queue.core.windows.net/",
            "primary_queue_host": "sawordpresskrod.queue.core.windows.net",
            "primary_table_endpoint": "https://sawordpresskrod.table.core.windows.net/",
            "primary_table_host": "sawordpresskrod.table.core.windows.net",
            "primary_web_endpoint": "https://sawordpresskrod.z8.web.core.windows.net/",
            "primary_web_host": "sawordpresskrod.z8.web.core.windows.net",
            "public_network_access_enabled": true,
            "queue_encryption_key_type": "Service",
            "queue_properties": [
              {
                "cors_rule": [],
                "hour_metrics": [
                  {
                    "enabled": false,
                    "include_apis": false,
                    "retention_policy_days": 0,
                    "version": "1.0"
                  }
                ],
                "logging": [
                  {
                    "delete": false,
                    "read": false,
                    "retention_policy_days": 0,
                    "version": "1.0",
                    "write": false
                  }
                ],
                "minute_metrics": [
                  {
                    "enabled": false,
                    "include_apis": false,
                    "retention_policy_days": 0,
                    "version": "1.0"
                  }
                ]
              }
            ],
            "resource_group_name": "rgp-mywplab",
            "routing": [],
            "sas_policy": [],
            "secondary_access_key": "0MJ71CyjyVNlKK7jnFenv1lFZMcCLTKBRtW1SMf+GhCoorwlJLOjp6mhpIg7bEp7qtYqnXVeHMID+AStzSGhKQ==",
            "secondary_blob_connection_string": "",
            "secondary_blob_endpoint": null,
            "secondary_blob_host": null,
            "secondary_connection_string": "DefaultEndpointsProtocol=https;AccountName=sawordpresskrod;AccountKey=0MJ71CyjyVNlKK7jnFenv1lFZMcCLTKBRtW1SMf+GhCoorwlJLOjp6mhpIg7bEp7qtYqnXVeHMID+AStzSGhKQ==;EndpointSuffix=core.windows.net",
            "secondary_dfs_endpoint": null,
            "secondary_dfs_host": null,
            "secondary_file_endpoint": null,
            "secondary_file_host": null,
            "secondary_location": "",
            "secondary_queue_endpoint": null,
            "secondary_queue_host": null,
            "secondary_table_endpoint": null,
            "secondary_table_host": null,
            "secondary_web_endpoint": null,
            "secondary_web_host": null,
            "sftp_enabled": false,
            "share_properties": [
              {
                "cors_rule": [],
                "retention_policy": [
                  {
                    "days": 7
                  }
                ],
                "smb": []
              }
            ],
            "shared_access_key_enabled": true,
            "static_website": [],
            "table_encryption_key_type": "Service",
            "tags": {},
            "timeouts": null
          },
          "sensitive_attributes": [
            [
              {
                "type": "get_attr",
                "value": "primary_access_key"
              }
            ],
            [
              {
                "type": "get_attr",
                "value": "primary_blob_connection_string"
              }
            ],
            [
              {
                "type": "get_attr",
                "value": "primary_connection_string"
              }
            ],
            [
              {
                "type": "get_attr",
                "value": "secondary_access_key"
              }
            ],
            [
              {
                "type": "get_attr",
                "value": "secondary_blob_connection_string"
              }
            ],
            [
              {
                "type": "get_attr",
                "value": "secondary_connection_string"
              }
            ]
          ],
          "identity_schema_version": 0,
          "private": "eyJlMmJmYjczMC1lY2FhLTExZTYtOGY4OC0zNDM2M2JjN2M0YzAiOnsiY3JlYXRlIjozNjAwMDAwMDAwMDAwLCJkZWxldGUiOjM2MDAwMDAwMDAwMDAsInJlYWQiOjMwMDAwMDAwMDAwMCwidXBkYXRlIjozNjAwMDAwMDAwMDAwfSwic2NoZW1hX3ZlcnNpb24iOiI0In0=",
          "dependencies": [
            "module.network.azurerm_subnet.subnet",
            "module.network.azurerm_virtual_network.vnet",
            "module.network.data.http.myip",
            "module.resource_group.azurerm_resource_group.rg"
          ]
        }
      ]
    },
    {
      "module": "module.storageaccount",
      "mode": "managed",
      "type": "azurerm_storage_container",
      "name": "container",
      "provider": "provider[\"registry.terraform.io/hashicorp/azurerm\"]",
      "instances": [
        {
          "index_key": 0,
          "schema_version": 1,
          "attributes": {
            "container_access_type": "private",
            "has_immutability_policy": false,
            "has_legal_hold": false,
            "id": "https://sawordpresskrod.blob.core.windows.net/wordpress-content",
            "metadata": {},
            "name": "wordpress-content",
            "resource_manager_id": "/subscriptions/7c9c8680-1545-4132-96b3-c36024961064/resourceGroups/rgp-mywplab/providers/Microsoft.Storage/storageAccounts/sawordpresskrod/blobServices/default/containers/wordpress-content",
            "storage_account_name": "sawordpresskrod",
            "timeouts": null
          },
          "sensitive_attributes": [],
          "identity_schema_version": 0,
          "private": "eyJlMmJmYjczMC1lY2FhLTExZTYtOGY4OC0zNDM2M2JjN2M0YzAiOnsiY3JlYXRlIjoxODAwMDAwMDAwMDAwLCJkZWxldGUiOjE4MDAwMDAwMDAwMDAsInJlYWQiOjMwMDAwMDAwMDAwMCwidXBkYXRlIjoxODAwMDAwMDAwMDAwfSwic2NoZW1hX3ZlcnNpb24iOiIxIn0=",
          "dependencies": [
            "module.network.azurerm_subnet.subnet",
            "module.network.azurerm_virtual_network.vnet",
            "module.network.data.http.myip",
            "module.resource_group.azurerm_resource_group.rg",
            "module.storageaccount.azurerm_storage_account.storage_account"
          ]
        },
        {
          "index_key": 1,
          "schema_version": 1,
          "attributes": {
            "container_access_type": "private",
            "has_immutability_policy": false,
            "has_legal_hold": false,
            "id": "https://sawordpresskrod.blob.core.windows.net/wordpress-content-bkp-weekly",
            "metadata": {},
            "name": "wordpress-content-bkp-weekly",
            "resource_manager_id": "/subscriptions/7c9c8680-1545-4132-96b3-c36024961064/resourceGroups/rgp-mywplab/providers/Microsoft.Storage/storageAccounts/sawordpresskrod/blobServices/default/containers/wordpress-content-bkp-weekly",
            "storage_account_name": "sawordpresskrod",
            "timeouts": null
          },
          "sensitive_attributes": [],
          "identity_schema_version": 0,
          "private": "eyJlMmJmYjczMC1lY2FhLTExZTYtOGY4OC0zNDM2M2JjN2M0YzAiOnsiY3JlYXRlIjoxODAwMDAwMDAwMDAwLCJkZWxldGUiOjE4MDAwMDAwMDAwMDAsInJlYWQiOjMwMDAwMDAwMDAwMCwidXBkYXRlIjoxODAwMDAwMDAwMDAwfSwic2NoZW1hX3ZlcnNpb24iOiIxIn0=",
          "dependencies": [
            "module.network.azurerm_subnet.subnet",
            "module.network.azurerm_virtual_network.vnet",
            "module.network.data.http.myip",
            "module.resource_group.azurerm_resource_group.rg",
            "module.storageaccount.azurerm_storage_account.storage_account"
          ]
        },
        {
          "index_key": 2,
          "schema_version": 1,
          "attributes": {
            "container_access_type": "private",
            "has_immutability_policy": false,
            "has_legal_hold": false,
            "id": "https://sawordpresskrod.blob.core.windows.net/wordpress-content-bkp-monthly",
            "metadata": {},
            "name": "wordpress-content-bkp-monthly",
            "resource_manager_id": "/subscriptions/7c9c8680-1545-4132-96b3-c36024961064/resourceGroups/rgp-mywplab/providers/Microsoft.Storage/storageAccounts/sawordpresskrod/blobServices/default/containers/wordpress-content-bkp-monthly",
            "storage_account_name": "sawordpresskrod",
            "timeouts": null
          },
          "sensitive_attributes": [],
          "identity_schema_version": 0,
          "private": "eyJlMmJmYjczMC1lY2FhLTExZTYtOGY4OC0zNDM2M2JjN2M0YzAiOnsiY3JlYXRlIjoxODAwMDAwMDAwMDAwLCJkZWxldGUiOjE4MDAwMDAwMDAwMDAsInJlYWQiOjMwMDAwMDAwMDAwMCwidXBkYXRlIjoxODAwMDAwMDAwMDAwfSwic2NoZW1hX3ZlcnNpb24iOiIxIn0=",
          "dependencies": [
            "module.network.azurerm_subnet.subnet",
            "module.network.azurerm_virtual_network.vnet",
            "module.network.data.http.myip",
            "module.resource_group.azurerm_resource_group.rg",
            "module.storageaccount.azurerm_storage_account.storage_account"
          ]
        }
      ]
    },
    {
      "module": "module.vmss",
      "mode": "managed",
      "type": "azurerm_lb",
      "name": "vmss",
      "provider": "provider[\"registry.terraform.io/hashicorp/azurerm\"]",
      "instances": [
        {
          "schema_version": 0,
          "attributes": {
            "edge_zone": "",
            "frontend_ip_configuration": [
              {
                "gateway_load_balancer_frontend_ip_configuration_id": "",
                "id": "/subscriptions/7c9c8680-1545-4132-96b3-c36024961064/resourceGroups/rgp-mywplab/providers/Microsoft.Network/loadBalancers/lb-vmss-wordpresskrod/frontendIPConfigurations/PublicIPAddress",
                "inbound_nat_rules": [],
                "load_balancer_rules": [
                  "/subscriptions/7c9c8680-1545-4132-96b3-c36024961064/resourceGroups/rgp-mywplab/providers/Microsoft.Network/loadBalancers/lb-vmss-wordpresskrod/loadBalancingRules/http"
                ],
                "name": "PublicIPAddress",
                "outbound_rules": [],
                "private_ip_address": "",
                "private_ip_address_allocation": "Dynamic",
                "private_ip_address_version": "",
                "public_ip_address_id": "/subscriptions/7c9c8680-1545-4132-96b3-c36024961064/resourceGroups/rgp-mywplab/providers/Microsoft.Network/publicIPAddresses/pip-vmss-wordpresskrod",
                "public_ip_prefix_id": "",
                "subnet_id": "",
                "zones": []
              }
            ],
            "id": "/subscriptions/7c9c8680-1545-4132-96b3-c36024961064/resourceGroups/rgp-mywplab/providers/Microsoft.Network/loadBalancers/lb-vmss-wordpresskrod",
            "location": "australiaeast",
            "name": "lb-vmss-wordpresskrod",
            "private_ip_address": "",
            "private_ip_addresses": [],
            "resource_group_name": "rgp-mywplab",
            "sku": "Standard",
            "sku_tier": "Regional",
            "tags": {},
            "timeouts": null
          },
          "sensitive_attributes": [],
          "identity_schema_version": 0,
          "private": "eyJlMmJmYjczMC1lY2FhLTExZTYtOGY4OC0zNDM2M2JjN2M0YzAiOnsiY3JlYXRlIjoxODAwMDAwMDAwMDAwLCJkZWxldGUiOjE4MDAwMDAwMDAwMDAsInJlYWQiOjMwMDAwMDAwMDAwMCwidXBkYXRlIjoxODAwMDAwMDAwMDAwfX0=",
          "dependencies": [
            "module.network.azurerm_subnet.subnet",
            "module.network.azurerm_virtual_network.vnet",
            "module.network.data.http.myip",
            "module.resource_group.azurerm_resource_group.rg",
            "module.storageaccount.azurerm_private_endpoint.private_endpoint",
            "module.storageaccount.azurerm_storage_account.storage_account",
            "module.storageaccount.azurerm_storage_container.container",
            "module.vmss.azurerm_public_ip.vmss"
          ]
        }
      ]
    },
    {
      "module": "module.vmss",
      "mode": "managed",
      "type": "azurerm_lb_backend_address_pool",
      "name": "bpepool",
      "provider": "provider[\"registry.terraform.io/hashicorp/azurerm\"]",
      "instances": [
        {
          "schema_version": 0,
          "attributes": {
            "backend_ip_configurations": [
              "/subscriptions/7c9c8680-1545-4132-96b3-c36024961064/resourceGroups/rgp-mywplab/providers/Microsoft.Compute/virtualMachineScaleSets/vmss-wordpresskrod/virtualMachines/1/networkInterfaces/vmss-wordpresskrod/ipConfigurations/vmss-wordpresskrod"
            ],
            "id": "/subscriptions/7c9c8680-1545-4132-96b3-c36024961064/resourceGroups/rgp-mywplab/providers/Microsoft.Network/loadBalancers/lb-vmss-wordpresskrod/backendAddressPools/BackEndAddressPool",
            "inbound_nat_rules": [],
            "load_balancing_rules": [
              "/subscriptions/7c9c8680-1545-4132-96b3-c36024961064/resourceGroups/rgp-mywplab/providers/Microsoft.Network/loadBalancers/lb-vmss-wordpresskrod/loadBalancingRules/http"
            ],
            "loadbalancer_id": "/subscriptions/7c9c8680-1545-4132-96b3-c36024961064/resourceGroups/rgp-mywplab/providers/Microsoft.Network/loadBalancers/lb-vmss-wordpresskrod",
            "name": "BackEndAddressPool",
            "outbound_rules": [],
            "timeouts": null,
            "tunnel_interface": [],
            "virtual_network_id": ""
          },
          "sensitive_attributes": [],
          "identity_schema_version": 0,
          "private": "eyJlMmJmYjczMC1lY2FhLTExZTYtOGY4OC0zNDM2M2JjN2M0YzAiOnsiY3JlYXRlIjoxODAwMDAwMDAwMDAwLCJkZWxldGUiOjE4MDAwMDAwMDAwMDAsInJlYWQiOjMwMDAwMDAwMDAwMCwidXBkYXRlIjoxODAwMDAwMDAwMDAwfX0=",
          "dependencies": [
            "module.network.azurerm_subnet.subnet",
            "module.network.azurerm_virtual_network.vnet",
            "module.network.data.http.myip",
            "module.resource_group.azurerm_resource_group.rg",
            "module.storageaccount.azurerm_private_endpoint.private_endpoint",
            "module.storageaccount.azurerm_storage_account.storage_account",
            "module.storageaccount.azurerm_storage_container.container",
            "module.vmss.azurerm_lb.vmss",
            "module.vmss.azurerm_public_ip.vmss"
          ]
        }
      ]
    },
    {
      "module": "module.vmss",
      "mode": "managed",
      "type": "azurerm_lb_probe",
      "name": "vmss",
      "provider": "provider[\"registry.terraform.io/hashicorp/azurerm\"]",
      "instances": [
        {
          "schema_version": 0,
          "attributes": {
            "id": "/subscriptions/7c9c8680-1545-4132-96b3-c36024961064/resourceGroups/rgp-mywplab/providers/Microsoft.Network/loadBalancers/lb-vmss-wordpresskrod/probes/running-probe",
            "interval_in_seconds": 15,
            "load_balancer_rules": [
              "/subscriptions/7c9c8680-1545-4132-96b3-c36024961064/resourceGroups/rgp-mywplab/providers/Microsoft.Network/loadBalancers/lb-vmss-wordpresskrod/loadBalancingRules/http"
            ],
            "loadbalancer_id": "/subscriptions/7c9c8680-1545-4132-96b3-c36024961064/resourceGroups/rgp-mywplab/providers/Microsoft.Network/loadBalancers/lb-vmss-wordpresskrod",
            "name": "running-probe",
            "number_of_probes": 2,
            "port": 80,
            "probe_threshold": 1,
            "protocol": "Tcp",
            "request_path": "",
            "timeouts": null
          },
          "sensitive_attributes": [],
          "identity_schema_version": 0,
          "private": "eyJlMmJmYjczMC1lY2FhLTExZTYtOGY4OC0zNDM2M2JjN2M0YzAiOnsiY3JlYXRlIjoxODAwMDAwMDAwMDAwLCJkZWxldGUiOjE4MDAwMDAwMDAwMDAsInJlYWQiOjMwMDAwMDAwMDAwMCwidXBkYXRlIjoxODAwMDAwMDAwMDAwfX0=",
          "dependencies": [
            "module.network.azurerm_subnet.subnet",
            "module.network.azurerm_virtual_network.vnet",
            "module.network.data.http.myip",
            "module.resource_group.azurerm_resource_group.rg",
            "module.storageaccount.azurerm_private_endpoint.private_endpoint",
            "module.storageaccount.azurerm_storage_account.storage_account",
            "module.storageaccount.azurerm_storage_container.container",
            "module.vmss.azurerm_lb.vmss",
            "module.vmss.azurerm_public_ip.vmss"
          ]
        }
      ]
    },
    {
      "module": "module.vmss",
      "mode": "managed",
      "type": "azurerm_lb_rule",
      "name": "lbnatrule",
      "provider": "provider[\"registry.terraform.io/hashicorp/azurerm\"]",
      "instances": [
        {
          "schema_version": 0,
          "attributes": {
            "backend_address_pool_ids": [
              "/subscriptions/7c9c8680-1545-4132-96b3-c36024961064/resourceGroups/rgp-mywplab/providers/Microsoft.Network/loadBalancers/lb-vmss-wordpresskrod/backendAddressPools/BackEndAddressPool"
            ],
            "backend_port": 80,
            "disable_outbound_snat": false,
            "enable_floating_ip": false,
            "enable_tcp_reset": false,
            "frontend_ip_configuration_id": "/subscriptions/7c9c8680-1545-4132-96b3-c36024961064/resourceGroups/rgp-mywplab/providers/Microsoft.Network/loadBalancers/lb-vmss-wordpresskrod/frontendIPConfigurations/PublicIPAddress",
            "frontend_ip_configuration_name": "PublicIPAddress",
            "frontend_port": 80,
            "id": "/subscriptions/7c9c8680-1545-4132-96b3-c36024961064/resourceGroups/rgp-mywplab/providers/Microsoft.Network/loadBalancers/lb-vmss-wordpresskrod/loadBalancingRules/http",
            "idle_timeout_in_minutes": 4,
            "load_distribution": "Default",
            "loadbalancer_id": "/subscriptions/7c9c8680-1545-4132-96b3-c36024961064/resourceGroups/rgp-mywplab/providers/Microsoft.Network/loadBalancers/lb-vmss-wordpresskrod",
            "name": "http",
            "probe_id": "/subscriptions/7c9c8680-1545-4132-96b3-c36024961064/resourceGroups/rgp-mywplab/providers/Microsoft.Network/loadBalancers/lb-vmss-wordpresskrod/probes/running-probe",
            "protocol": "Tcp",
            "timeouts": null
          },
          "sensitive_attributes": [],
          "identity_schema_version": 0,
          "private": "eyJlMmJmYjczMC1lY2FhLTExZTYtOGY4OC0zNDM2M2JjN2M0YzAiOnsiY3JlYXRlIjoxODAwMDAwMDAwMDAwLCJkZWxldGUiOjE4MDAwMDAwMDAwMDAsInJlYWQiOjMwMDAwMDAwMDAwMCwidXBkYXRlIjoxODAwMDAwMDAwMDAwfX0=",
          "dependencies": [
            "module.network.azurerm_subnet.subnet",
            "module.network.azurerm_virtual_network.vnet",
            "module.network.data.http.myip",
            "module.resource_group.azurerm_resource_group.rg",
            "module.storageaccount.azurerm_private_endpoint.private_endpoint",
            "module.storageaccount.azurerm_storage_account.storage_account",
            "module.storageaccount.azurerm_storage_container.container",
            "module.vmss.azurerm_lb.vmss",
            "module.vmss.azurerm_lb_backend_address_pool.bpepool",
            "module.vmss.azurerm_lb_probe.vmss",
            "module.vmss.azurerm_public_ip.vmss"
          ]
        }
      ]
    },
    {
      "module": "module.vmss",
      "mode": "managed",
      "type": "azurerm_linux_virtual_machine_scale_set",
      "name": "vmss",
      "provider": "provider[\"registry.terraform.io/hashicorp/azurerm\"]",
      "instances": [
        {
          "schema_version": 0,
          "attributes": {
            "additional_capabilities": [],
            "admin_password": null,
            "admin_ssh_key": [
              {
                "public_key": "ssh-rsa AAAAB3NzaC1yc2EAAAADAQABAAACAQDGgbmwkQNC9cS6p5VadIgWmRRgOgBragVpuCRSiTt2YQ5fiMDeFwxGHsq8BtE9DhuYsGrwxrJSBWr6Y0ZFEBtJ/URU7elmKNpivCVM4ZA8Qze/eBFpFJhIy0eGVHIDCgilvCSb1anYMlTd99ZVgxKAzrjebrUrGzfvNrj6cFORZcqja/pwsau+ar1ytUlN84/8+4bVA73PaD3FaQKYiKCt81hDSQ54JYJ2uEaz7N+uJ7K9t+k8TaqKgqYnxXbds6rk0FMtxXEmu1Hh5HBSZQecR5eaVxvKsRVLKohaQVjVihl5Svqiyp3syiAmK5xSLlnBgNqh6bF1mKfVjfJWUHlpOQpXFZASmryJidbzRHuOngYT55VemwZRURQ8QgMZy+cdtnFDtRkuKO9DOKtVLTRyq8aNgC5j/3Ux3jUTFBYB5t/xIxClDf5Mob2sTF2hWLE+yFuVWw5GpMBRc+8Wno2jzqEdA5sWsZq57r52CTYH5GF6VB3xiKY8dYZTJIglXN/5qd1U9f8boqn1UFZxGMyuhOWR6APAjiAhawWWnjk5bEGuaO2w1YvPYYbjzwbN25DVfietjRjSA5X33d3M0B+Ydyjia62ycMzsjMe7288qmJp2dBZMQDCmMrA8mxbjA6/n7Ci/vQj0NjeIE9f2lkzGhmcfJLevjXMtmn9f3SNTOQ== gnb111@hotmail.com",
                "username": "azureuser"
              }
            ],
            "admin_username": "azureuser",
            "automatic_instance_repair": [
              {
                "enabled": true,
                "grace_period": "PT30M"
              }
            ],
            "automatic_os_upgrade_policy": [],
            "boot_diagnostics": [],
            "capacity_reservation_group_id": "",
            "computer_name_prefix": "vmss-wordpresskrod",
            "custom_data": "IyEvYmluL2Jhc2gKZXhwb3J0IEhPTUU9Ii9yb290IgpleHBvcnQgV1BfSU5TVEFMTF9QQVRIPSIvdmFyL3d3dy9odG1sIgpleHBvcnQgV1BfSU5TVEFMTF9MT0NLX0ZJTEU9Ii90bXAvd3BfaW5zdGFsbC5sb2NrIgojTW91bnQgbmZzIHNoYXJlCm1rZGlyIC1wICRXUF9JTlNUQUxMX1BBVEgKCiNORlMKYXB0LWdldCAteSB1cGRhdGUKc2xlZXAgMzAKYXB0LWdldCBpbnN0YWxsIG5mcy1jb21tb24gLXkKCmJhc2ggLWMgJ2VjaG8gInNhbXl3cGxhYi5ibG9iLmNvcmUud2luZG93cy5uZXQ6L3NhbXl3cGxhYi93b3JkcHJlc3MtY29udGVudCAvdmFyL3d3dy9odG1sIG5mcyBzZWM9c3lzLHZlcnM9Myxub2xvY2sscHJvdG89dGNwIiA+PiAvZXRjL2ZzdGFiJwptb3VudCAtYQoKIyBJbnN0YWxsIHdvcmRwcmVzcyBpZiBub3QgYWxyZWFkeSBpbnN0YWxsZWQKaWYgWyAteiAiJChscyAtQSAkV1BfSU5TVEFMTF9QQVRIKSIgXTsgdGhlbgogIGVjaG8gIldvcmRwcmVzcyBpbnN0YWxsYXRpb24gZGlyZWN0b3J5IGlzIGVtcHR5LiBJbnN0YWxsaW5nIGl0IG5vdyIKICBpZiBbIC1mICIkV1BfSU5TVEFMTF9MT0NLX0ZJTEUiIF07IHRoZW4gCiAgICBlY2hvICJMb2NrIGZpbGUgYWxyZWFkeSBleGlzdHMiCiAgZWxzZQogICAgZWNobyAiTG9jayBmaWxlIGRvZXMgbm90IGV4aXN0LiBQcm9jZWVkaW5nIHdpdGggaW5zdGFsbGF0aW9uIiAKICAgIHRvdWNoICIkV1BfSU5TVEFMTF9MT0NLX0ZJTEUiCiAgICB3Z2V0IGh0dHA6Ly93b3JkcHJlc3Mub3JnL2xhdGVzdC50YXIuZ3oKICAgIHRhciB4dmYgbGF0ZXN0LnRhci5neiAtQyAkV1BfSU5TVEFMTF9QQVRIIC0tc3RyaXAtY29tcG9uZW50cz0xCiAgICBybSAiJFdQX0lOU1RBTExfTE9DS19GSUxFIgogIGZpIAplbHNlCiAgIGVjaG8gIldvcmRwcmVzcyBpbnN0YWxsYXRpb24gZGlyZWN0b3J5IGlzIG5vdCBlbXB0eS4gc2tpcHBpbmcuLi4iCmZpCgojaW5zdGFsbCBwaHAgYW5kIGNvbXBvc2VyCgphcHQgaW5zdGFsbCBwaHA4LjEtZnBtIHBocDguMS1jbGkgcGhwOC4xLWNvbW1vbiBwaHA4LjEtbWJzdHJpbmcgcGhwOC4xLXhtbHJwYyBwaHA4LjEtc29hcCBwaHA4LjEtZ2QgcGhwOC4xLXhtbCBwaHA4LjEtaW50bCBwaHA4LjEtbXlzcWwgcGhwOC4xLWNsaSBwaHA4LjEtbGRhcCBwaHA4LjEtemlwIHBocDguMS1jdXJsIHBocDguMS1vcGNhY2hlIHBocDguMS1yZWFkbGluZSBwaHA4LjEteG1sIHBocDguMS1nZCBwaHA4LjEtaW1hZ2ljayAteQoKcGhwIC1yICJjb3B5KCdodHRwczovL2dldGNvbXBvc2VyLm9yZy9pbnN0YWxsZXInLCAnY29tcG9zZXItc2V0dXAucGhwJyk7IgpwaHAgLXIgImlmIChoYXNoX2ZpbGUoJ3NoYTM4NCcsICdjb21wb3Nlci1zZXR1cC5waHAnKSA9PT0gJzU1Y2UzM2Q3Njc4YzVhNjExMDg1NTg5ZjFmM2RkZjhiM2M1MmQ2NjJjZDAxZDRiYTc1YzBlZTA0NTk5NzBjMjIwMGE1MWY0OTJkNTU3NTMwYzcxYzE1ZDhkYmEwMWVhZScpIHsgZWNobyAnSW5zdGFsbGVyIHZlcmlmaWVkJzsgfSBlbHNlIHsgZWNobyAnSW5zdGFsbGVyIGNvcnJ1cHQnOyB1bmxpbmsoJ2NvbXBvc2VyLXNldHVwLnBocCcpOyB9IGVjaG8gUEhQX0VPTDsiCnBocCBjb21wb3Nlci1zZXR1cC5waHAKcGhwIC1yICJ1bmxpbmsoJ2NvbXBvc2VyLXNldHVwLnBocCcpOyIKbXYgY29tcG9zZXIucGhhciAvdXNyL2xvY2FsL2Jpbi9jb21wb3NlcgoKI0luc3RhbGwgYW5kIGNvbmZpZ3VyZSBhcGFjaGUKYXB0IGluc3RhbGwgLXkgYXBhY2hlMiBsaWJhcGFjaGUyLW1vZC1waHAKCmEyZW5tb2QgcmV3cml0ZQpjYXQgPDxFT0YgPj4gL2V0Yy9hcGFjaGUyL2FwYWNoZTIuY29uZgo8RGlyZWN0b3J5IC92YXIvd3d3L2h0bWwvPgogICAgICAgIEFsbG93T3ZlcnJpZGUgQWxsCjwvRGlyZWN0b3J5PgpFT0YKY2hvd24gLVIgd3d3LWRhdGE6d3d3LWRhdGEgJFdQX0lOU1RBTExfUEFUSApzeXN0ZW1jdGwgZW5hYmxlIGFwYWNoZTIKc3lzdGVtY3RsIHJlc3RhcnQgYXBhY2hlMgoKIyBSZXN0YXJ0IGFnZW50IHRvIHJlbW90ZWx5IGV4ZWN1dGUgY29tbWFuZHMKc3lzdGVtY3RsIHJlc3RhcnQgd2FsaW51eGFnZW50",
            "data_disk": [],
            "disable_password_authentication": true,
            "do_not_run_extensions_on_overprovisioned_machines": false,
            "edge_zone": "",
            "encryption_at_host_enabled": false,
            "eviction_policy": "",
            "extension": [],
            "extension_operations_enabled": true,
            "extensions_time_budget": "PT1H30M",
            "gallery_application": [],
            "gallery_applications": [],
            "health_probe_id": "/subscriptions/7c9c8680-1545-4132-96b3-c36024961064/resourceGroups/rgp-mywplab/providers/Microsoft.Network/loadBalancers/lb-vmss-wordpresskrod/probes/running-probe",
            "host_group_id": null,
            "id": "/subscriptions/7c9c8680-1545-4132-96b3-c36024961064/resourceGroups/rgp-mywplab/providers/Microsoft.Compute/virtualMachineScaleSets/vmss-wordpresskrod",
            "identity": [],
            "instances": 1,
            "location": "australiaeast",
            "max_bid_price": -1,
            "name": "vmss-wordpresskrod",
            "network_interface": [
              {
                "dns_servers": [],
                "enable_accelerated_networking": false,
                "enable_ip_forwarding": false,
                "ip_configuration": [
                  {
                    "application_gateway_backend_address_pool_ids": [],
                    "application_security_group_ids": [],
                    "load_balancer_backend_address_pool_ids": [
                      "/subscriptions/7c9c8680-1545-4132-96b3-c36024961064/resourceGroups/rgp-mywplab/providers/Microsoft.Network/loadBalancers/lb-vmss-wordpresskrod/backendAddressPools/BackEndAddressPool"
                    ],
                    "load_balancer_inbound_nat_rules_ids": [],
                    "name": "vmss-wordpresskrod",
                    "primary": true,
                    "public_ip_address": [],
                    "subnet_id": "/subscriptions/7c9c8680-1545-4132-96b3-c36024961064/resourceGroups/rgp-mywplab/providers/Microsoft.Network/virtualNetworks/vnet-wordpresskrod/subnets/snt-wordpresskrod",
                    "version": "IPv4"
                  }
                ],
                "name": "vmss-wordpresskrod",
                "network_security_group_id": "/subscriptions/7c9c8680-1545-4132-96b3-c36024961064/resourceGroups/rgp-mywplab/providers/Microsoft.Network/networkSecurityGroups/nsg-wordpresskrod",
                "primary": true
              }
            ],
            "os_disk": [
              {
                "caching": "ReadWrite",
                "diff_disk_settings": [],
                "disk_encryption_set_id": "",
                "disk_size_gb": 30,
                "secure_vm_disk_encryption_set_id": "",
                "security_encryption_type": "",
                "storage_account_type": "StandardSSD_LRS",
                "write_accelerator_enabled": false
              }
            ],
            "overprovision": true,
            "plan": [],
            "platform_fault_domain_count": 5,
            "priority": "Regular",
            "provision_vm_agent": true,
            "proximity_placement_group_id": "",
            "resource_group_name": "rgp-mywplab",
            "rolling_upgrade_policy": [
              {
                "cross_zone_upgrades_enabled": false,
                "max_batch_instance_percent": 50,
                "max_unhealthy_instance_percent": 50,
                "max_unhealthy_upgraded_instance_percent": 50,
                "pause_time_between_batches": "PT10M",
                "prioritize_unhealthy_instances_enabled": false
              }
            ],
            "scale_in": [
              {
                "force_deletion_enabled": false,
                "rule": "Default"
              }
            ],
            "scale_in_policy": "Default",
            "secret": [],
            "secure_boot_enabled": false,
            "single_placement_group": true,
            "sku": "Standard_B2s",
            "source_image_id": "",
            "source_image_reference": [
              {
                "offer": "0001-com-ubuntu-server-jammy",
                "publisher": "Canonical",
                "sku": "22_04-lts-gen2",
                "version": "latest"
              }
            ],
            "spot_restore": [],
            "tags": {},
            "terminate_notification": [],
            "termination_notification": [],
            "timeouts": null,
            "unique_id": "0c2ff195-77d3-4ce6-9906-b7ce5de257d9",
            "upgrade_mode": "Rolling",
            "user_data": "",
            "vtpm_enabled": false,
            "zone_balance": false,
            "zones": [
              "1",
              "2",
              "3"
            ]
          },
          "sensitive_attributes": [
            [
              {
                "type": "get_attr",
                "value": "admin_password"
              }
            ],
            [
              {
                "type": "get_attr",
                "value": "custom_data"
              }
            ]
          ],
          "identity_schema_version": 0,
          "private": "eyJlMmJmYjczMC1lY2FhLTExZTYtOGY4OC0zNDM2M2JjN2M0YzAiOnsiY3JlYXRlIjozNjAwMDAwMDAwMDAwLCJkZWxldGUiOjM2MDAwMDAwMDAwMDAsInJlYWQiOjMwMDAwMDAwMDAwMCwidXBkYXRlIjozNjAwMDAwMDAwMDAwfX0=",
          "dependencies": [
            "module.network.azurerm_network_security_group.nsg",
            "module.network.azurerm_subnet.subnet",
            "module.network.azurerm_virtual_network.vnet",
            "module.network.data.http.myip",
            "module.resource_group.azurerm_resource_group.rg",
            "module.storageaccount.azurerm_private_endpoint.private_endpoint",
            "module.storageaccount.azurerm_storage_account.storage_account",
            "module.storageaccount.azurerm_storage_container.container",
            "module.vmss.azurerm_lb.vmss",
            "module.vmss.azurerm_lb_backend_address_pool.bpepool",
            "module.vmss.azurerm_lb_probe.vmss",
            "module.vmss.azurerm_public_ip.vmss"
          ]
        }
      ]
    },
    {
      "module": "module.vmss",
      "mode": "managed",
      "type": "azurerm_monitor_autoscale_setting",
      "name": "vmss_autoscale",
      "provider": "provider[\"registry.terraform.io/hashicorp/azurerm\"]",
      "instances": [
        {
          "index_key": 0,
          "schema_version": 2,
          "attributes": {
            "enabled": true,
            "id": "/subscriptions/7c9c8680-1545-4132-96b3-c36024961064/resourceGroups/rgp-mywplab/providers/Microsoft.Insights/autoScaleSettings/vmss-wordpresskrod",
            "location": "australiaeast",
            "name": "vmss-wordpresskrod",
            "notification": [
              {
                "email": [
                  {
                    "custom_emails": [],
                    "send_to_subscription_administrator": false,
                    "send_to_subscription_co_administrator": false
                  }
                ],
                "webhook": []
              }
            ],
            "predictive": [],
            "profile": [
              {
                "capacity": [
                  {
                    "default": 3,
                    "maximum": 4,
                    "minimum": 3
                  }
                ],
                "fixed_date": [],
                "name": "defaultProfile",
                "recurrence": [],
                "rule": [
                  {
                    "metric_trigger": [
                      {
                        "dimensions": [],
                        "divide_by_instance_count": false,
                        "metric_name": "Percentage CPU",
                        "metric_namespace": "microsoft.compute/virtualmachinescalesets",
                        "metric_resource_id": "/subscriptions/7c9c8680-1545-4132-96b3-c36024961064/resourceGroups/rgp-mywplab/providers/Microsoft.Compute/virtualMachineScaleSets/vmss-wordpresskrod",
                        "operator": "GreaterThan",
                        "statistic": "Average",
                        "threshold": 75,
                        "time_aggregation": "Average",
                        "time_grain": "PT1M",
                        "time_window": "PT5M"
                      }
                    ],
                    "scale_action": [
                      {
                        "cooldown": "PT15M",
                        "direction": "Increase",
                        "type": "ChangeCount",
                        "value": 1
                      }
                    ]
                  },
                  {
                    "metric_trigger": [
                      {
                        "dimensions": [],
                        "divide_by_instance_count": false,
                        "metric_name": "Percentage CPU",
                        "metric_namespace": "microsoft.compute/virtualmachinescalesets",
                        "metric_resource_id": "/subscriptions/7c9c8680-1545-4132-96b3-c36024961064/resourceGroups/rgp-mywplab/providers/Microsoft.Compute/virtualMachineScaleSets/vmss-wordpresskrod",
                        "operator": "LessThan",
                        "statistic": "Average",
                        "threshold": 30,
                        "time_aggregation": "Average",
                        "time_grain": "PT1M",
                        "time_window": "PT20M"
                      }
                    ],
                    "scale_action": [
                      {
                        "cooldown": "PT15M",
                        "direction": "Decrease",
                        "type": "ChangeCount",
                        "value": 1
                      }
                    ]
                  }
                ]
              }
            ],
            "resource_group_name": "rgp-mywplab",
            "tags": {},
            "target_resource_id": "/subscriptions/7c9c8680-1545-4132-96b3-c36024961064/resourceGroups/rgp-mywplab/providers/Microsoft.Compute/virtualMachineScaleSets/vmss-wordpresskrod",
            "timeouts": null
          },
          "sensitive_attributes": [],
          "identity_schema_version": 0,
          "private": "eyJlMmJmYjczMC1lY2FhLTExZTYtOGY4OC0zNDM2M2JjN2M0YzAiOnsiY3JlYXRlIjoxODAwMDAwMDAwMDAwLCJkZWxldGUiOjE4MDAwMDAwMDAwMDAsInJlYWQiOjMwMDAwMDAwMDAwMCwidXBkYXRlIjoxODAwMDAwMDAwMDAwfSwic2NoZW1hX3ZlcnNpb24iOiIyIn0=",
          "dependencies": [
            "module.network.azurerm_network_security_group.nsg",
            "module.network.azurerm_subnet.subnet",
            "module.network.azurerm_virtual_network.vnet",
            "module.network.data.http.myip",
            "module.resource_group.azurerm_resource_group.rg",
            "module.storageaccount.azurerm_private_endpoint.private_endpoint",
            "module.storageaccount.azurerm_storage_account.storage_account",
            "module.storageaccount.azurerm_storage_container.container",
            "module.vmss.azurerm_lb.vmss",
            "module.vmss.azurerm_lb_backend_address_pool.bpepool",
            "module.vmss.azurerm_lb_probe.vmss",
            "module.vmss.azurerm_linux_virtual_machine_scale_set.vmss",
            "module.vmss.azurerm_public_ip.vmss"
          ]
        }
      ]
    },
    {
      "module": "module.vmss",
      "mode": "managed",
      "type": "azurerm_public_ip",
      "name": "vmss",
      "provider": "provider[\"registry.terraform.io/hashicorp/azurerm\"]",
      "instances": [
        {
          "schema_version": 0,
          "attributes": {
            "allocation_method": "Static",
            "ddos_protection_mode": "VirtualNetworkInherited",
            "ddos_protection_plan_id": null,
            "domain_name_label": null,
            "edge_zone": "",
            "fqdn": null,
            "id": "/subscriptions/7c9c8680-1545-4132-96b3-c36024961064/resourceGroups/rgp-mywplab/providers/Microsoft.Network/publicIPAddresses/pip-vmss-wordpresskrod",
            "idle_timeout_in_minutes": 4,
            "ip_address": "4.237.235.164",
            "ip_tags": {},
            "ip_version": "IPv4",
            "location": "australiaeast",
            "name": "pip-vmss-wordpresskrod",
            "public_ip_prefix_id": null,
            "resource_group_name": "rgp-mywplab",
            "reverse_fqdn": null,
            "sku": "Standard",
            "sku_tier": "Regional",
            "tags": {},
            "timeouts": null,
            "zones": [
              "1",
              "2",
              "3"
            ]
          },
          "sensitive_attributes": [],
          "identity_schema_version": 0,
          "private": "eyJlMmJmYjczMC1lY2FhLTExZTYtOGY4OC0zNDM2M2JjN2M0YzAiOnsiY3JlYXRlIjoxODAwMDAwMDAwMDAwLCJkZWxldGUiOjE4MDAwMDAwMDAwMDAsInJlYWQiOjMwMDAwMDAwMDAwMCwidXBkYXRlIjoxODAwMDAwMDAwMDAwfX0=",
          "dependencies": [
            "module.network.azurerm_subnet.subnet",
            "module.network.azurerm_virtual_network.vnet",
            "module.network.data.http.myip",
            "module.resource_group.azurerm_resource_group.rg",
            "module.storageaccount.azurerm_private_endpoint.private_endpoint",
            "module.storageaccount.azurerm_storage_account.storage_account",
            "module.storageaccount.azurerm_storage_container.container"
          ]
        }
      ]
    }
  ],
  "check_results": null
}
